
Microsoft Visual Studio Solution File, Format Version 12.00
# Visual Studio Version 17
VisualStudioVersion = 17.4.33103.184
MinimumVisualStudioVersion = 10.0.40219.1
Project("{9A19103F-16F7-4668-BE54-9A1E7A4F7556}") = "mslearn_dotnet_files", "mslearn_dotnet_files\mslearn_dotnet_files.csproj", "{92928605-E952-46F9-B42B-9ACC5FFD24C6}"
EndProject
Project("{2150E333-8FDC-42A3-9474-1A3956D46DE8}") = "Solution Items", "Solution Items", "{21B4DD7A-D391-41F8-BE67-27C8E6A787F7}"
	ProjectSection(SolutionItems) = preProject
		README.md = README.md
	EndProjectSection
EndProject
Global
	GlobalSection(SolutionConfigurationPlatforms) = preSolution
		Debug|Any CPU = Debug|Any CPU
		Debug|x86 = Debug|x86
		Release|Any CPU = Release|Any CPU
		Release|x86 = Release|x86
	EndGlobalSection
	GlobalSection(ProjectConfigurationPlatforms) = postSolution
		{92928605-E952-46F9-B42B-9ACC5FFD24C6}.Debug|Any CPU.ActiveCfg = Debug|Any CPU
		{92928605-E952-46F9-B42B-9ACC5FFD24C6}.Debug|Any CPU.Build.0 = Debug|Any CPU
		{92928605-E952-46F9-B42B-9ACC5FFD24C6}.Debug|x86.ActiveCfg = Debug|Any CPU
		{92928605-E952-46F9-B42B-9ACC5FFD24C6}.Debug|x86.Build.0 = Debug|Any CPU
		{92928605-E952-46F9-B42B-9ACC5FFD24C6}.Release|Any CPU.ActiveCfg = Release|Any CPU
		{92928605-E952-46F9-B42B-9ACC5FFD24C6}.Release|Any CPU.Build.0 = Release|Any CPU
		{92928605-E952-46F9-B42B-9ACC5FFD24C6}.Release|x86.ActiveCfg = Release|Any CPU
		{92928605-E952-46F9-B42B-9ACC5FFD24C6}.Release|x86.Build.0 = Release|Any CPU
	EndGlobalSection
	GlobalSection(SolutionProperties) = preSolution
		HideSolutionNode = FALSE
	EndGlobalSection
	GlobalSection(ExtensibilityGlobals) = postSolution
		SolutionGuid = {8E594811-6E38-40AB-98A9-7D3C60E7925E}
	EndGlobalSection
EndGlobal
